hash: cca27e15eb2f9b062cdf69565abbb9a0a9f81d439f5220505295192d77e5369f
updated: 2016-07-28T11:14:47.452071103+09:00
imports:
- name: github.com/armon/go-radix
  version: 4239b77079c7b5d1243b7b4736304ce8ddb6f0f2
- name: github.com/bgentry/speakeasy
  version: e1439544d8ecd0f3e9373a636d447668096a8f81
- name: github.com/gedex/inflector
  version: 91797f1712fd58f224781be1080b8613d096187e
- name: github.com/mattn/go-isatty
  version: 56b76bdf51f7708750eac80fa38b952bb9f32639
- name: github.com/mitchellh/cli
  version: 168daae10d6ff81b8b1201b0a4c9607d7e9b82e3
- name: github.com/serenize/snaker
  version: 8824b61eca66d308fcb2d515287d3d7a28dba8d6
- name: github.com/tcnksm/go-gitconfig
  version: 6411ba19847f20afe47f603328d97aaeca6def6f
- name: github.com/wantedly/apig
  version: 795be9adde1e3a064cb0da81a5de662ef4c5bcc0
  subpackages:
  - command
  - util
  - apig
- name: golang.org/x/sys
  version: a646d33e2ee3172a661fc09bca23bb4889a41bc8
  subpackages:
  - unix
testImports: []
